
Microsoft Visual Studio Solution File, Format Version 12.00
# Visual Studio Version 16
VisualStudioVersion = 16.0.29609.76
MinimumVisualStudioVersion = 10.0.40219.1
Project("{FAE04EC0-301F-11D3-BF4B-00C04F79EFBC}") = "TrashCollector", "TrashCollector\TrashCollector.csproj", "{CDA4E1DB-F96A-46BA-96FB-53F36443628C}"
EndProject
Global
	GlobalSection(SolutionConfigurationPlatforms) = preSolution
		Debug|Any CPU = Debug|Any CPU
		Release|Any CPU = Release|Any CPU
	EndGlobalSection
	GlobalSection(ProjectConfigurationPlatforms) = postSolution
		{CDA4E1DB-F96A-46BA-96FB-53F36443628C}.Debug|Any CPU.ActiveCfg = Debug|Any CPU
		{CDA4E1DB-F96A-46BA-96FB-53F36443628C}.Debug|Any CPU.Build.0 = Debug|Any CPU
		{CDA4E1DB-F96A-46BA-96FB-53F36443628C}.Release|Any CPU.ActiveCfg = Release|Any CPU
		{CDA4E1DB-F96A-46BA-96FB-53F36443628C}.Release|Any CPU.Build.0 = Release|Any CPU
	EndGlobalSection
	GlobalSection(SolutionProperties) = preSolution
		HideSolutionNode = FALSE
	EndGlobalSection
	GlobalSection(ExtensibilityGlobals) = postSolution
		SolutionGuid = {81F0A456-4AF2-4CEE-851A-40D0B1E92122}
	EndGlobalSection
EndGlobal
